{
  "dependencies": {
    "page": {
      "version": "https://github.com/peerlibrary/page.js/archive/b90fb4b32f55aba71bb374c946130d3ed82a9d1f.tar.gz",
      "dependencies": {
        "path-to-regexp": {
          "version": "1.0.3",
          "dependencies": {
            "isarray": {
              "version": "0.0.1"
            }
          }
        }
      }
    },
    "qs": {
      "version": "3.1.0"
    }
  }
}
